<Solution>
  <Project Path="src/Toolbox.Hosting/Toolbox.Hosting.csproj" />
  <Project Path="src/Toolbox.Services/Toolbox.Services.csproj" />
  <Project Path="src/Toolbox.CLI/Toolbox.CLI.csproj" />
  <Project Path="src/Toolbox/Toolbox.csproj" />
  <Project Path="tests/Toolbox.Tests/Toolbox.Tests.csproj" />
  
</Solution>
